
Microsoft Visual Studio Solution File, Format Version 12.00
# Visual Studio 15
VisualStudioVersion = 15.0.27703.2047
MinimumVisualStudioVersion = 10.0.40219.1
Project("{FAE04EC0-301F-11D3-BF4B-00C04F79EFBC}") = "Syllabus Generator", "Syllabus Generator\Syllabus Generator.csproj", "{308D933C-2142-4EEC-85F8-E7D44D3309C9}"
EndProject
Global
	GlobalSection(SolutionConfigurationPlatforms) = preSolution
		Debug|Any CPU = Debug|Any CPU
		Release|Any CPU = Release|Any CPU
	EndGlobalSection
	GlobalSection(ProjectConfigurationPlatforms) = postSolution
		{308D933C-2142-4EEC-85F8-E7D44D3309C9}.Debug|Any CPU.ActiveCfg = Debug|Any CPU
		{308D933C-2142-4EEC-85F8-E7D44D3309C9}.Debug|Any CPU.Build.0 = Debug|Any CPU
		{308D933C-2142-4EEC-85F8-E7D44D3309C9}.Release|Any CPU.ActiveCfg = Release|Any CPU
		{308D933C-2142-4EEC-85F8-E7D44D3309C9}.Release|Any CPU.Build.0 = Release|Any CPU
	EndGlobalSection
	GlobalSection(SolutionProperties) = preSolution
		HideSolutionNode = FALSE
	EndGlobalSection
	GlobalSection(ExtensibilityGlobals) = postSolution
		SolutionGuid = {72862FBD-DDFA-48AC-82F1-9EB7D97AF881}
	EndGlobalSection
EndGlobal
